Microsoft Visual Studio Solution File, Format Version 12.00
# Visual Studio Version 17
VisualStudioVersion = 17.0.31825.309
MinimumVisualStudioVersion = 10.0.40219.1
Project("{2150E333-8FDC-42A3-9474-1A3956D46DE8}") = ".root", ".root", "{2F337CB6-0B9E-4765-A277-487E429DE9F1}"
	ProjectSection(SolutionItems) = preProject
		.editorconfig = .editorconfig
		.gitattributes = .gitattributes
		.gitignore = .gitignore
		build.cmd = build.cmd
		build.sh = build.sh
		Directory.Build.props = Directory.Build.props
		Directory.Build.targets = Directory.Build.targets
		LICENSE.md = LICENSE.md
		pack.cmd = pack.cmd
		pack.sh = pack.sh
		restore.cmd = restore.cmd
		restore.sh = restore.sh
		TerraFX.snk = TerraFX.snk
		test.cmd = test.cmd
		test.sh = test.sh
	EndProjectSection
EndProject
Project("{2150E333-8FDC-42A3-9474-1A3956D46DE8}") = "docs", "docs", "{8793898A-6542-4606-AA82-AB14151D2D20}"
	ProjectSection(SolutionItems) = preProject
		docs\CODE_OF_CONDUCT.md = docs\CODE_OF_CONDUCT.md
		docs\CODEOWNERS = docs\CODEOWNERS
		docs\CONTRIBUTING.md = docs\CONTRIBUTING.md
		docs\ISSUE_TEMPLATE.md = docs\ISSUE_TEMPLATE.md
		docs\PULL_REQUEST_TEMPLATE.md = docs\PULL_REQUEST_TEMPLATE.md
		docs\README.md = docs\README.md
	EndProjectSection
EndProject
Project("{2150E333-8FDC-42A3-9474-1A3956D46DE8}") = "sources", "sources", "{0B821858-8E47-4485-AC06-D2E971A53EB2}"
	ProjectSection(SolutionItems) = preProject
		sources\Directory.Build.props = sources\Directory.Build.props
		sources\Directory.Build.targets = sources\Directory.Build.targets
	EndProjectSection
EndProject
Project("{2150E333-8FDC-42A3-9474-1A3956D46DE8}") = "Interop", "Interop", "{70FBCFD9-B96E-4E72-B35C-681D9B2DA3D6}"
	ProjectSection(SolutionItems) = preProject
		sources\Interop\.editorconfig = sources\Interop\.editorconfig
	EndProjectSection
EndProject
Project("{2150E333-8FDC-42A3-9474-1A3956D46DE8}") = "Libc", "Libc", "{63D2AF3C-3ACA-4FEA-94F9-58A30B5D175A}"
EndProject
Project("{9A19103F-16F7-4668-BE54-9A1E7A4F7556}") = "TerraFX.Interop.Libc", "sources\Interop\Libc\TerraFX.Interop.Libc.csproj", "{71ACA9BE-5460-401A-8768-33FA25046A46}"
EndProject
Project("{2150E333-8FDC-42A3-9474-1A3956D46DE8}") = "tests", "tests", "{EFB05081-EC44-49D3-B6D1-52AE42085B5B}"
	ProjectSection(SolutionItems) = preProject
		tests\Directory.Build.props = tests\Directory.Build.props
		tests\Directory.Build.targets = tests\Directory.Build.targets
	EndProjectSection
EndProject
Project("{2150E333-8FDC-42A3-9474-1A3956D46DE8}") = "Interop", "Interop", "{7E31C739-2787-44ED-8304-7EFCEE1A2B2C}"
	ProjectSection(SolutionItems) = preProject
		tests\Interop\.editorconfig = tests\Interop\.editorconfig
	EndProjectSection
EndProject
Project("{2150E333-8FDC-42A3-9474-1A3956D46DE8}") = "Libc", "Libc", "{32D5D5C6-C467-4200-A978-4DCEBAD16ABF}"
EndProject
Project("{9A19103F-16F7-4668-BE54-9A1E7A4F7556}") = "TerraFX.Interop.Libc.UnitTests", "tests\Interop\Libc\TerraFX.Interop.Libc.UnitTests.csproj", "{FE1214EA-21BD-4087-AD01-D42DBA8572FE}"
EndProject
Project("{2150E333-8FDC-42A3-9474-1A3956D46DE8}") = "scripts", "scripts", "{48E1F49D-7103-4DE6-9F69-915183B85095}"
	ProjectSection(SolutionItems) = preProject
		scripts\build.ps1 = scripts\build.ps1
		scripts\build.sh = scripts\build.sh
		scripts\cibuild.cmd = scripts\cibuild.cmd
		scripts\cibuild.sh = scripts\cibuild.sh
	EndProjectSection
EndProject
Project("{2150E333-8FDC-42A3-9474-1A3956D46DE8}") = ".github", ".github", "{14317A6D-D419-404D-A4A9-E64088152E32}"
EndProject
Project("{2150E333-8FDC-42A3-9474-1A3956D46DE8}") = "workflows", "workflows", "{2BDD70BB-9023-44D6-A27B-AB51F667C254}"
	ProjectSection(SolutionItems) = preProject
		.github\workflows\ci.yml = .github\workflows\ci.yml
	EndProjectSection
EndProject
Project("{2150E333-8FDC-42A3-9474-1A3956D46DE8}") = "generation", "generation", "{FBE83387-7EF8-4D3A-AEA3-47633DF12304}"
	ProjectSection(SolutionItems) = preProject
		generation\remap.rsp = generation\remap.rsp
		generation\settings.rsp = generation\settings.rsp
	EndProjectSection
EndProject
Project("{2150E333-8FDC-42A3-9474-1A3956D46DE8}") = "time", "time", "{7C9C7355-2DD0-4BB7-AAB0-C5A91FCABB71}"
	ProjectSection(SolutionItems) = preProject
		generation\libc\time\generate.rsp = generation\libc\time\generate.rsp
		generation\libc\time\header.txt = generation\libc\time\header.txt
		generation\libc\time\libc-time.h = generation\libc\time\libc-time.h
	EndProjectSection
EndProject
Project("{2150E333-8FDC-42A3-9474-1A3956D46DE8}") = "sys", "sys", "{2894C5C1-EDB9-41B4-94CF-AE84BD8911DF}"
EndProject
Project("{2150E333-8FDC-42A3-9474-1A3956D46DE8}") = "time", "time", "{B1011F23-E4A9-4124-9CB3-7FBF2DF9EAB3}"
	ProjectSection(SolutionItems) = preProject
		generation\Posix\sys\time\generate.rsp = generation\Posix\sys\time\generate.rsp
		generation\Posix\sys\time\header.txt = generation\Posix\sys\time\header.txt
		generation\Posix\sys\time\libc-sys-time.h = generation\Posix\sys\time\libc-sys-time.h
	EndProjectSection
EndProject
Project("{2150E333-8FDC-42A3-9474-1A3956D46DE8}") = "libc", "libc", "{1ED2A9EC-8EFA-4490-B004-60C142AB34AD}"
EndProject
Project("{2150E333-8FDC-42A3-9474-1A3956D46DE8}") = "signal", "signal", "{636550A0-389A-4F41-A47F-6A8CC4C86C9B}"
	ProjectSection(SolutionItems) = preProject
		generation\libc\signal\generate.rsp = generation\libc\signal\generate.rsp
		generation\libc\signal\header.txt = generation\libc\signal\header.txt
		generation\libc\signal\libc-signal.h = generation\libc\signal\libc-signal.h
	EndProjectSection
EndProject
Project("{2150E333-8FDC-42A3-9474-1A3956D46DE8}") = "types", "types", "{D74751B0-3E3C-4A0F-A4EB-FF2FF49BA3E8}"
	ProjectSection(SolutionItems) = preProject
		generation\Posix\sys\types\generate.rsp = generation\Posix\sys\types\generate.rsp
		generation\Posix\sys\types\header.txt = generation\Posix\sys\types\header.txt
		generation\Posix\sys\types\libc-sys-types.h = generation\Posix\sys\types\libc-sys-types.h
	EndProjectSection
EndProject
Project("{2150E333-8FDC-42A3-9474-1A3956D46DE8}") = "locale", "locale", "{DAB10086-55A1-4E8E-B01C-F2B7DC736D06}"
	ProjectSection(SolutionItems) = preProject
		generation\libc\locale\generate.rsp = generation\libc\locale\generate.rsp
		generation\libc\locale\header.txt = generation\libc\locale\header.txt
		generation\libc\locale\libc-locale.h = generation\libc\locale\libc-locale.h
	EndProjectSection
EndProject
Project("{2150E333-8FDC-42A3-9474-1A3956D46DE8}") = "stddef", "stddef", "{10F69E5B-A7ED-4244-AB83-9E751784F43C}"
	ProjectSection(SolutionItems) = preProject
		generation\libc\stddef\generate.rsp = generation\libc\stddef\generate.rsp
		generation\libc\stddef\header.txt = generation\libc\stddef\header.txt
		generation\libc\stddef\libc-stddef.h = generation\libc\stddef\libc-stddef.h
	EndProjectSection
EndProject
Project("{2150E333-8FDC-42A3-9474-1A3956D46DE8}") = "errno", "errno", "{56B87EF6-153A-4BAA-B67D-E1A2CFA74CE8}"
	ProjectSection(SolutionItems) = preProject
		generation\libc\errno\generate.rsp = generation\libc\errno\generate.rsp
		generation\libc\errno\header.txt = generation\libc\errno\header.txt
		generation\libc\errno\libc-errno.h = generation\libc\errno\libc-errno.h
	EndProjectSection
EndProject
Project("{2150E333-8FDC-42A3-9474-1A3956D46DE8}") = "select", "select", "{C1BFF6FC-B61E-4B94-A852-F1B5709FD48C}"
	ProjectSection(SolutionItems) = preProject
		generation\Posix\sys\select\generate.rsp = generation\Posix\sys\select\generate.rsp
		generation\Posix\sys\select\header.txt = generation\Posix\sys\select\header.txt
		generation\Posix\sys\select\libc-sys-select.h = generation\Posix\sys\select\libc-sys-select.h
	EndProjectSection
EndProject
Project("{2150E333-8FDC-42A3-9474-1A3956D46DE8}") = "Posix", "Posix", "{7F536746-6545-45F2-A764-27089796DDB6}"
EndProject
Project("{2150E333-8FDC-42A3-9474-1A3956D46DE8}") = "pthread", "pthread", "{053CAFFD-F011-4F17-A60C-3BDDCEA47368}"
	ProjectSection(SolutionItems) = preProject
		generation\Posix\pthread\generate.rsp = generation\Posix\pthread\generate.rsp
		generation\Posix\pthread\header.txt = generation\Posix\pthread\header.txt
		generation\Posix\pthread\libc-pthread.h = generation\Posix\pthread\libc-pthread.h
	EndProjectSection
EndProject
Global
	GlobalSection(SolutionConfigurationPlatforms) = preSolution
		Debug|Any CPU = Debug|Any CPU
		Release|Any CPU = Release|Any CPU
	EndGlobalSection
	GlobalSection(ProjectConfigurationPlatforms) = postSolution
		{71ACA9BE-5460-401A-8768-33FA25046A46}.Debug|Any CPU.ActiveCfg = Debug|Any CPU
		{71ACA9BE-5460-401A-8768-33FA25046A46}.Debug|Any CPU.Build.0 = Debug|Any CPU
		{71ACA9BE-5460-401A-8768-33FA25046A46}.Release|Any CPU.ActiveCfg = Release|Any CPU
		{71ACA9BE-5460-401A-8768-33FA25046A46}.Release|Any CPU.Build.0 = Release|Any CPU
		{FE1214EA-21BD-4087-AD01-D42DBA8572FE}.Debug|Any CPU.ActiveCfg = Debug|Any CPU
		{FE1214EA-21BD-4087-AD01-D42DBA8572FE}.Debug|Any CPU.Build.0 = Debug|Any CPU
		{FE1214EA-21BD-4087-AD01-D42DBA8572FE}.Release|Any CPU.ActiveCfg = Release|Any CPU
		{FE1214EA-21BD-4087-AD01-D42DBA8572FE}.Release|Any CPU.Build.0 = Release|Any CPU
	EndGlobalSection
	GlobalSection(SolutionProperties) = preSolution
		HideSolutionNode = FALSE
	EndGlobalSection
	GlobalSection(NestedProjects) = preSolution
		{70FBCFD9-B96E-4E72-B35C-681D9B2DA3D6} = {0B821858-8E47-4485-AC06-D2E971A53EB2}
		{63D2AF3C-3ACA-4FEA-94F9-58A30B5D175A} = {70FBCFD9-B96E-4E72-B35C-681D9B2DA3D6}
		{71ACA9BE-5460-401A-8768-33FA25046A46} = {63D2AF3C-3ACA-4FEA-94F9-58A30B5D175A}
		{7E31C739-2787-44ED-8304-7EFCEE1A2B2C} = {EFB05081-EC44-49D3-B6D1-52AE42085B5B}
		{32D5D5C6-C467-4200-A978-4DCEBAD16ABF} = {7E31C739-2787-44ED-8304-7EFCEE1A2B2C}
		{FE1214EA-21BD-4087-AD01-D42DBA8572FE} = {32D5D5C6-C467-4200-A978-4DCEBAD16ABF}
		{2BDD70BB-9023-44D6-A27B-AB51F667C254} = {14317A6D-D419-404D-A4A9-E64088152E32}
		{7C9C7355-2DD0-4BB7-AAB0-C5A91FCABB71} = {1ED2A9EC-8EFA-4490-B004-60C142AB34AD}
		{2894C5C1-EDB9-41B4-94CF-AE84BD8911DF} = {7F536746-6545-45F2-A764-27089796DDB6}
		{B1011F23-E4A9-4124-9CB3-7FBF2DF9EAB3} = {2894C5C1-EDB9-41B4-94CF-AE84BD8911DF}
		{1ED2A9EC-8EFA-4490-B004-60C142AB34AD} = {FBE83387-7EF8-4D3A-AEA3-47633DF12304}
		{636550A0-389A-4F41-A47F-6A8CC4C86C9B} = {1ED2A9EC-8EFA-4490-B004-60C142AB34AD}
		{D74751B0-3E3C-4A0F-A4EB-FF2FF49BA3E8} = {2894C5C1-EDB9-41B4-94CF-AE84BD8911DF}
		{DAB10086-55A1-4E8E-B01C-F2B7DC736D06} = {1ED2A9EC-8EFA-4490-B004-60C142AB34AD}
		{10F69E5B-A7ED-4244-AB83-9E751784F43C} = {1ED2A9EC-8EFA-4490-B004-60C142AB34AD}
		{56B87EF6-153A-4BAA-B67D-E1A2CFA74CE8} = {1ED2A9EC-8EFA-4490-B004-60C142AB34AD}
		{C1BFF6FC-B61E-4B94-A852-F1B5709FD48C} = {2894C5C1-EDB9-41B4-94CF-AE84BD8911DF}
		{7F536746-6545-45F2-A764-27089796DDB6} = {FBE83387-7EF8-4D3A-AEA3-47633DF12304}
		{053CAFFD-F011-4F17-A60C-3BDDCEA47368} = {7F536746-6545-45F2-A764-27089796DDB6}
	EndGlobalSection
	GlobalSection(ExtensibilityGlobals) = postSolution
		SolutionGuid = {2FE36DF8-2D9C-4F20-8787-45DC74B57461}
	EndGlobalSection
EndGlobal
